#MicroXplorer Configuration settings - do not modify
Mcu.Family=STM32F4
ProjectManager.MainLocation=Core/Src
ProjectManager.ProjectFileName=hepard_driver.ioc
SH.ADCx_IN13.0=ADC3_IN13,IN13
RCC.CortexFreq_Value=16000000
ADC1.Rank-0\#ChannelRegularConversion=1
ProjectManager.KeepUserCode=true
Mcu.UserName=STM32F429ZITx
Mcu.PinsNb=11
ProjectManager.NoMain=false
ADC2.Channel-0\#ChannelRegularConversion=ADC_CHANNEL_10
ADC1.IPParameters=Rank-0\#ChannelRegularConversion,master,Channel-0\#ChannelRegularConversion,SamplingTime-0\#ChannelRegularConversion,NbrOfConversionFlag
USART6.IPParameters=VirtualMode,BaudRate
SH.S_TIM4_CH4.0=TIM4_CH4,PWM Generation4 CH4
RCC.PLLCLKFreq_Value=96000000
RCC.PLLQCLKFreq_Value=48000000
ProjectManager.functionlistsort=1-MX_GPIO_Init-GPIO-false-HAL-true,2-SystemClock_Config-RCC-false-HAL-false,3-MX_ADC1_Init-ADC1-false-HAL-true,4-MX_ADC2_Init-ADC2-false-HAL-true,5-MX_ADC3_Init-ADC3-false-HAL-true,6-MX_USART6_UART_Init-USART6-false-HAL-true,7-MX_TIM4_Init-TIM4-false-HAL-true
PC3.Locked=true
RCC.RTCFreq_Value=32000
ProjectManager.DefaultFWLocation=true
RCC.VCOSAIOutputFreq_ValueQ=12250000
RCC.VCOSAIOutputFreq_ValueR=24500000
ProjectManager.DeletePrevious=true
PG14.GPIOParameters=GPIO_PuPd,GPIO_ModeDefaultOD
PB14.Locked=true
PC0.Signal=ADCx_IN10
SH.S_TIM4_CH4.ConfNb=1
ADC3.Channel-0\#ChannelRegularConversion=ADC_CHANNEL_13
PG14.Locked=true
PinOutPanel.RotationAngle=0
RCC.FamilyName=M
ProjectManager.StackSize=0x400
Mcu.IP4=RCC
Mcu.IP5=SYS
Mcu.IP2=ADC3
NVIC.SVCall_IRQn=true\:0\:0\:false\:false\:true\:false\:false
Mcu.IP3=NVIC
Mcu.IP0=ADC1
Mcu.IP1=ADC2
ADC3.SamplingTime-0\#ChannelRegularConversion=ADC_SAMPLETIME_3CYCLES
PB14.PinState=GPIO_PIN_RESET
Mcu.UserConstants=
ProjectManager.TargetToolchain=STM32CubeIDE
TIM4.IPParameters=Channel-PWM Generation4 CH4,Prescaler,Period
Mcu.ThirdPartyNb=0
PF11.GPIO_PuPd=GPIO_NOPULL
SH.ADCx_IN3.0=ADC1_IN3,IN3
ADC2.IPParameters=Rank-0\#ChannelRegularConversion,Channel-0\#ChannelRegularConversion,SamplingTime-0\#ChannelRegularConversion,NbrOfConversionFlag
Mcu.IPNb=8
RCC.I2SClocksFreq_Value=96000000
ProjectManager.PreviousToolchain=
PF15.Locked=true
RCC.VcooutputI2S=96000000
RCC.VcooutputI2SQ=96000000
SH.ADCx_IN3.ConfNb=1
PC3.Signal=ADCx_IN13
Mcu.Pin6=PE9
Mcu.Pin7=PB14
ProjectManager.RegisterCallBack=
Mcu.Pin8=PD15
Mcu.Pin9=PG14
RCC.VCOSAIOutputFreq_Value=49000000
TIM4.Prescaler=16-1
RCC.LSE_VALUE=32768
RCC.AHBFreq_Value=16000000
Mcu.Pin0=PC0
Mcu.Pin1=PC3
GPIO.groupedBy=Group By Peripherals
Mcu.Pin2=PA3
Mcu.Pin3=PF11
Mcu.Pin4=PF14
RCC.VCOI2SOutputFreq_Value=192000000
Mcu.Pin5=PF15
PB14.Signal=GPIO_Output
ADC1.Channel-0\#ChannelRegularConversion=ADC_CHANNEL_3
ProjectManager.ProjectBuild=false
PG14.Signal=USART6_TX
RCC.HSE_VALUE=25000000
NVIC.UsageFault_IRQn=true\:0\:0\:false\:false\:true\:false\:false
NVIC.DebugMonitor_IRQn=true\:0\:0\:false\:false\:true\:false\:false
board=custom
RCC.VCOOutputFreq_Value=192000000
NVIC.SysTick_IRQn=true\:0\:0\:false\:false\:true\:false\:true
ProjectManager.LastFirmware=true
PG14.Mode=Half_duplex(single_wire_mode)
ProjectManager.FirmwarePackage=STM32Cube FW_F4 V1.26.2
MxDb.Version=DB.6.0.20
RCC.APB2Freq_Value=16000000
ProjectManager.BackupPrevious=false
MxCube.Version=6.2.0
RCC.VCOInputFreq_Value=1000000
PE9.Signal=GPIO_Output
PE9.Locked=true
PF11.Signal=GPIO_Output
SH.ADCx_IN10.ConfNb=1
File.Version=6
VP_SYS_VS_Systick.Mode=SysTick
PF11.Locked=true
PF11.PinState=GPIO_PIN_RESET
ADC3.IPParameters=Rank-0\#ChannelRegularConversion,Channel-0\#ChannelRegularConversion,SamplingTime-0\#ChannelRegularConversion,NbrOfConversionFlag
SH.ADCx_IN13.ConfNb=1
PF15.Signal=GPIO_Output
NVIC.NonMaskableInt_IRQn=true\:0\:0\:false\:false\:true\:false\:false
PF14.Locked=true
NVIC.PendSV_IRQn=true\:0\:0\:false\:false\:true\:false\:false
TIM4.Period=1024-1
PF11.GPIOParameters=PinState,GPIO_PuPd
PG14.GPIO_PuPd=GPIO_PULLUP
ProjectManager.FreePins=false
RCC.IPParameters=AHBFreq_Value,APB1Freq_Value,APB2Freq_Value,CortexFreq_Value,FamilyName,HSE_VALUE,HSI_VALUE,I2SClocksFreq_Value,LSE_VALUE,LSI_VALUE,PLLCLKFreq_Value,PLLQCLKFreq_Value,RTCFreq_Value,RTCHSEDivFreq_Value,SYSCLKFreq_VALUE,VCOI2SOutputFreq_Value,VCOInputFreq_Value,VCOOutputFreq_Value,VCOSAIOutputFreq_Value,VCOSAIOutputFreq_ValueQ,VCOSAIOutputFreq_ValueR,VcooutputI2S,VcooutputI2SQ
ProjectManager.AskForMigrate=true
Mcu.Name=STM32F429ZITx
ProjectManager.HalAssertFull=false
ADC1.SamplingTime-0\#ChannelRegularConversion=ADC_SAMPLETIME_3CYCLES
RCC.RTCHSEDivFreq_Value=12500000
ProjectManager.ProjectName=hepard_driver
ProjectManager.UnderRoot=true
Mcu.IP6=TIM4
Mcu.IP7=USART6
ProjectManager.CoupleFile=false
RCC.SYSCLKFreq_VALUE=16000000
Mcu.Package=LQFP144
ADC1.master=1
PA3.Locked=true
ADC2.NbrOfConversionFlag=1
NVIC.ForceEnableDMAVector=true
KeepUserPlacement=false
USART6.VirtualMode=VM_ASYNC
NVIC.MemoryManagement_IRQn=true\:0\:0\:false\:false\:true\:false\:false
ProjectManager.CompilerOptimize=6
ProjectManager.ToolChainLocation=
PD15.Locked=true
RCC.LSI_VALUE=32000
VP_SYS_VS_Systick.Signal=SYS_VS_Systick
ADC3.Rank-0\#ChannelRegularConversion=1
SH.ADCx_IN10.0=ADC2_IN10,IN10
ProjectManager.HeapSize=0x200
NVIC.HardFault_IRQn=true\:0\:0\:false\:false\:true\:false\:false
USART6.BaudRate=1000000
ADC2.SamplingTime-0\#ChannelRegularConversion=ADC_SAMPLETIME_3CYCLES
PB14.GPIOParameters=PinState
ProjectManager.ComputerToolchain=false
RCC.HSI_VALUE=16000000
NVIC.PriorityGroup=NVIC_PRIORITYGROUP_4
ADC1.NbrOfConversionFlag=1
PG14.GPIO_ModeDefaultOD=GPIO_MODE_AF_PP
Mcu.Pin10=VP_SYS_VS_Systick
PF14.Signal=GPIO_Output
NVIC.BusFault_IRQn=true\:0\:0\:false\:false\:true\:false\:false
ADC2.Rank-0\#ChannelRegularConversion=1
TIM4.Channel-PWM\ Generation4\ CH4=TIM_CHANNEL_4
RCC.APB1Freq_Value=16000000
ADC3.NbrOfConversionFlag=1
PD15.Signal=S_TIM4_CH4
ProjectManager.CustomerFirmwarePackage=
PC0.Locked=true
ProjectManager.DeviceId=STM32F429ZITx
ProjectManager.LibraryCopy=1
PA3.Signal=ADCx_IN3
isbadioc=false
